
Microsoft Visual Studio Solution File, Format Version 12.00
# Visual Studio 15
VisualStudioVersion = 15.0.26430.13
MinimumVisualStudioVersion = 10.0.40219.1
Project("{FAE04EC0-301F-11D3-BF4B-00C04F79EFBC}") = "Taschenrechner_WF", "Taschenrechner_WF\Taschenrechner_WF.csproj", "{B3838EDE-CC60-4790-A9AD-A128FE97741E}"
EndProject
Global
	GlobalSection(SolutionConfigurationPlatforms) = preSolution
		Debug|Any CPU = Debug|Any CPU
		Release|Any CPU = Release|Any CPU
	EndGlobalSection
	GlobalSection(ProjectConfigurationPlatforms) = postSolution
		{B3838EDE-CC60-4790-A9AD-A128FE97741E}.Debug|Any CPU.ActiveCfg = Debug|Any CPU
		{B3838EDE-CC60-4790-A9AD-A128FE97741E}.Debug|Any CPU.Build.0 = Debug|Any CPU
		{B3838EDE-CC60-4790-A9AD-A128FE97741E}.Release|Any CPU.ActiveCfg = Release|Any CPU
		{B3838EDE-CC60-4790-A9AD-A128FE97741E}.Release|Any CPU.Build.0 = Release|Any CPU
	EndGlobalSection
	GlobalSection(SolutionProperties) = preSolution
		HideSolutionNode = FALSE
	EndGlobalSection
EndGlobal
